
Microsoft Visual Studio Solution File, Format Version 12.00
# Visual Studio Version 17
VisualStudioVersion = 17.3.32804.467
MinimumVisualStudioVersion = 10.0.40219.1
Project("{FAE04EC0-301F-11D3-BF4B-00C04F79EFBC}") = "MalikaGameEngine", "MalikaGameEngine\MalikaGameEngine.csproj", "{A358978F-6DBB-4CFE-8BDB-CC492B067BD0}"
EndProject
Global
	GlobalSection(SolutionConfigurationPlatforms) = preSolution
		Debug|Any CPU = Debug|Any CPU
		Release|Any CPU = Release|Any CPU
	EndGlobalSection
	GlobalSection(ProjectConfigurationPlatforms) = postSolution
		{A358978F-6DBB-4CFE-8BDB-CC492B067BD0}.Debug|Any CPU.ActiveCfg = Debug|Any CPU
		{A358978F-6DBB-4CFE-8BDB-CC492B067BD0}.Debug|Any CPU.Build.0 = Debug|Any CPU
		{A358978F-6DBB-4CFE-8BDB-CC492B067BD0}.Release|Any CPU.ActiveCfg = Release|Any CPU
		{A358978F-6DBB-4CFE-8BDB-CC492B067BD0}.Release|Any CPU.Build.0 = Release|Any CPU
	EndGlobalSection
	GlobalSection(SolutionProperties) = preSolution
		HideSolutionNode = FALSE
	EndGlobalSection
	GlobalSection(ExtensibilityGlobals) = postSolution
		SolutionGuid = {7E79A4BD-7C11-4F8A-9105-50C176F85D2B}
	EndGlobalSection
EndGlobal
